
Microsoft Visual Studio Solution File, Format Version 11.00
# Visual Studio 2010
Project("{FAE04EC0-301F-11D3-BF4B-00C04F79EFBC}") = "Assembly-CSharp", "Assembly-CSharp.csproj", "{7e8df060-1853-ecea-711b-4dae3c065ce2}"
EndProject
Project("{FAE04EC0-301F-11D3-BF4B-00C04F79EFBC}") = "spine-unity", "spine-unity.csproj", "{36b973ed-194f-486f-3dc6-9202964c7278}"
EndProject
Project("{FAE04EC0-301F-11D3-BF4B-00C04F79EFBC}") = "spine-unity-editor", "spine-unity-editor.csproj", "{b0ed59fc-5e4b-3548-7d8e-132927dd1ceb}"
EndProject
Project("{FAE04EC0-301F-11D3-BF4B-00C04F79EFBC}") = "Assembly-CSharp", "Assembly-CSharp.Player.csproj", "{d76f3ac8-2d58-0541-6ef1-96a886f1bb96}"
EndProject
Project("{FAE04EC0-301F-11D3-BF4B-00C04F79EFBC}") = "spine-unity", "spine-unity.Player.csproj", "{6019b934-cee4-e415-03be-835078f734ce}"
EndProject
Global
	GlobalSection(SolutionConfigurationPlatforms) = preSolution
		Debug|Any CPU = Debug|Any CPU
		Release|Any CPU = Release|Any CPU
	EndGlobalSection
	GlobalSection(ProjectConfigurationPlatforms) = postSolution
		{7e8df060-1853-ecea-711b-4dae3c065ce2}.Debug|Any CPU.ActiveCfg = Debug|Any CPU
		{7e8df060-1853-ecea-711b-4dae3c065ce2}.Debug|Any CPU.Build.0 = Debug|Any CPU
		{7e8df060-1853-ecea-711b-4dae3c065ce2}.Release|Any CPU.ActiveCfg = Release|Any CPU
		{7e8df060-1853-ecea-711b-4dae3c065ce2}.Release|Any CPU.Build.0 = Release|Any CPU
		{36b973ed-194f-486f-3dc6-9202964c7278}.Debug|Any CPU.ActiveCfg = Debug|Any CPU
		{36b973ed-194f-486f-3dc6-9202964c7278}.Debug|Any CPU.Build.0 = Debug|Any CPU
		{36b973ed-194f-486f-3dc6-9202964c7278}.Release|Any CPU.ActiveCfg = Release|Any CPU
		{36b973ed-194f-486f-3dc6-9202964c7278}.Release|Any CPU.Build.0 = Release|Any CPU
		{b0ed59fc-5e4b-3548-7d8e-132927dd1ceb}.Debug|Any CPU.ActiveCfg = Debug|Any CPU
		{b0ed59fc-5e4b-3548-7d8e-132927dd1ceb}.Debug|Any CPU.Build.0 = Debug|Any CPU
		{b0ed59fc-5e4b-3548-7d8e-132927dd1ceb}.Release|Any CPU.ActiveCfg = Release|Any CPU
		{b0ed59fc-5e4b-3548-7d8e-132927dd1ceb}.Release|Any CPU.Build.0 = Release|Any CPU
		{d76f3ac8-2d58-0541-6ef1-96a886f1bb96}.Debug|Any CPU.ActiveCfg = Debug|Any CPU
		{d76f3ac8-2d58-0541-6ef1-96a886f1bb96}.Debug|Any CPU.Build.0 = Debug|Any CPU
		{d76f3ac8-2d58-0541-6ef1-96a886f1bb96}.Release|Any CPU.ActiveCfg = Release|Any CPU
		{d76f3ac8-2d58-0541-6ef1-96a886f1bb96}.Release|Any CPU.Build.0 = Release|Any CPU
		{6019b934-cee4-e415-03be-835078f734ce}.Debug|Any CPU.ActiveCfg = Debug|Any CPU
		{6019b934-cee4-e415-03be-835078f734ce}.Debug|Any CPU.Build.0 = Debug|Any CPU
		{6019b934-cee4-e415-03be-835078f734ce}.Release|Any CPU.ActiveCfg = Release|Any CPU
		{6019b934-cee4-e415-03be-835078f734ce}.Release|Any CPU.Build.0 = Release|Any CPU
	EndGlobalSection
	GlobalSection(SolutionProperties) = preSolution
		HideSolutionNode = FALSE
	EndGlobalSection
EndGlobal
